{
  "name": "scripts",
  "lockfileVersion": 3,
  "requires": true,
  "packages": {
    "": {
      "devDependencies": {
        "@fortawesome/free-brands-svg-icons": "^7.0.1",
        "@fortawesome/free-solid-svg-icons": "^7.0.1"
      }
    },
    "node_modules/@fortawesome/fontawesome-common-types": {
      "version": "7.0.1",
      "resolved": "https://registry.npmjs.org/@fortawesome/fontawesome-common-types/-/fontawesome-common-types-7.0.1.tgz",
      "integrity": "sha512-0VpNtO5cNe1/HQWMkl4OdncYK/mv9hnBte0Ew0n6DMzmo3Q3WzDFABHm6LeNTipt5zAyhQ6Ugjiu8aLaEjh1gg==",
      "dev": true,
      "license": "MIT",
      "engines": {
        "node": ">=6"
      }
    },
    "node_modules/@fortawesome/free-brands-svg-icons": {
      "version": "7.0.1",
      "resolved": "https://registry.npmjs.org/@fortawesome/free-brands-svg-icons/-/free-brands-svg-icons-7.0.1.tgz",
      "integrity": "sha512-6xPmn5SrND/GM0+W33E77x05+aDn6RpR02eWd8eLdN0IxY0vXa5yU/ugaAKloOVxiG9w2330TSRsbJYL6c57Ow==",
      "dev": true,
      "license": "(CC-BY-4.0 AND MIT)",
      "dependencies": {
        "@fortawesome/fontawesome-common-types": "7.0.1"
      },
      "engines": {
        "node": ">=6"
      }
    },
    "node_modules/@fortawesome/free-solid-svg-icons": {
      "version": "7.0.1",
      "resolved": "https://registry.npmjs.org/@fortawesome/free-solid-svg-icons/-/free-solid-svg-icons-7.0.1.tgz",
      "integrity": "sha512-esKuSrl1WMOTMDLNt38i16VfLe/gRZt2ZAJ3Yw7slfs7sj583MKqNFqO57zmhknk1Sya6f9Wys89aCzIJkcqlg==",
      "dev": true,
      "license": "(CC-BY-4.0 AND MIT)",
      "dependencies": {
        "@fortawesome/fontawesome-common-types": "7.0.1"
      },
      "engines": {
        "node": ">=6"
      }
    }
  }
}
